{
  "version": 4,
  "terraform_version": "1.1.7",
  "serial": 8,
  "lineage": "574e39c7-322f-8ff3-eef6-5fa71b38b4c8",
  "outputs": {},
  "resources": [
    {
      "mode": "managed",
      "type": "aws_subnet",
      "name": "subnet_web",
      "provider": "provider[\"registry.terraform.io/hashicorp/aws\"]",
      "instances": [
        {
          "schema_version": 1,
          "attributes": {
            "arn": "arn:aws:ec2:us-west-2:777203705741:subnet/subnet-0f9808abcdd2501b5",
            "assign_ipv6_address_on_creation": false,
            "availability_zone": "us-west-2d",
            "availability_zone_id": "usw2-az4",
            "cidr_block": "192.168.5.0/27",
            "customer_owned_ipv4_pool": "",
            "enable_dns64": false,
            "enable_resource_name_dns_a_record_on_launch": false,
            "enable_resource_name_dns_aaaa_record_on_launch": false,
            "id": "subnet-0f9808abcdd2501b5",
            "ipv6_cidr_block": "",
            "ipv6_cidr_block_association_id": "",
            "ipv6_native": false,
            "map_customer_owned_ip_on_launch": false,
            "map_public_ip_on_launch": false,
            "outpost_arn": "",
            "owner_id": "777203705741",
            "private_dns_hostname_type_on_launch": "ip-name",
            "tags": {
              "name": "subnet_web"
            },
            "tags_all": {
              "name": "subnet_web"
            },
            "timeouts": null,
            "vpc_id": "vpc-04fe4f9a576abcf1f"
          },
          "sensitive_attributes": [],
          "private": "eyJlMmJmYjczMC1lY2FhLTExZTYtOGY4OC0zNDM2M2JjN2M0YzAiOnsiY3JlYXRlIjo2MDAwMDAwMDAwMDAsImRlbGV0ZSI6MTIwMDAwMDAwMDAwMH0sInNjaGVtYV92ZXJzaW9uIjoiMSJ9",
          "dependencies": [
            "aws_vpc.galosh"
          ]
        }
      ]
    },
    {
      "mode": "managed",
      "type": "aws_vpc",
      "name": "galosh",
      "provider": "provider[\"registry.terraform.io/hashicorp/aws\"]",
      "instances": [
        {
          "schema_version": 1,
          "attributes": {
            "arn": "arn:aws:ec2:us-west-2:777203705741:vpc/vpc-04fe4f9a576abcf1f",
            "assign_generated_ipv6_cidr_block": false,
            "cidr_block": "192.168.5.0/24",
            "default_network_acl_id": "acl-0bf9c62e77bd1b05b",
            "default_route_table_id": "rtb-02d757ecfd0862c2c",
            "default_security_group_id": "sg-00e5d7c2433d3d899",
            "dhcp_options_id": "dopt-0e71551b4bea1d2a1",
            "enable_classiclink": false,
            "enable_classiclink_dns_support": false,
            "enable_dns_hostnames": false,
            "enable_dns_support": true,
            "id": "vpc-04fe4f9a576abcf1f",
            "instance_tenancy": "default",
            "ipv4_ipam_pool_id": null,
            "ipv4_netmask_length": null,
            "ipv6_association_id": "",
            "ipv6_cidr_block": "",
            "ipv6_cidr_block_network_border_group": "",
            "ipv6_ipam_pool_id": "",
            "ipv6_netmask_length": 0,
            "main_route_table_id": "rtb-02d757ecfd0862c2c",
            "owner_id": "777203705741",
            "tags": {
              "name": "vpc1-Gal"
            },
            "tags_all": {
              "name": "vpc1-Gal"
            }
          },
          "sensitive_attributes": [],
          "private": "eyJzY2hlbWFfdmVyc2lvbiI6IjEifQ=="
        }
      ]
    }
  ]
}
